
Microsoft Visual Studio Solution File, Format Version 12.00
# Visual Studio Version 17
VisualStudioVersion = 17.3.32929.385
MinimumVisualStudioVersion = 10.0.40219.1
Project("{FAE04EC0-301F-11D3-BF4B-00C04F79EFBC}") = "Week5WebApp", "Week5WebApp.csproj", "{F226A108-245D-481E-A508-DB385D6EC64A}"
EndProject
Global
	GlobalSection(SolutionConfigurationPlatforms) = preSolution
		Debug|Any CPU = Debug|Any CPU
		Release|Any CPU = Release|Any CPU
	EndGlobalSection
	GlobalSection(ProjectConfigurationPlatforms) = postSolution
		{F226A108-245D-481E-A508-DB385D6EC64A}.Debug|Any CPU.ActiveCfg = Debug|Any CPU
		{F226A108-245D-481E-A508-DB385D6EC64A}.Debug|Any CPU.Build.0 = Debug|Any CPU
		{F226A108-245D-481E-A508-DB385D6EC64A}.Release|Any CPU.ActiveCfg = Release|Any CPU
		{F226A108-245D-481E-A508-DB385D6EC64A}.Release|Any CPU.Build.0 = Release|Any CPU
	EndGlobalSection
	GlobalSection(SolutionProperties) = preSolution
		HideSolutionNode = FALSE
	EndGlobalSection
	GlobalSection(ExtensibilityGlobals) = postSolution
		SolutionGuid = {B9CED440-0E3D-4681-9918-60FB22ED33EE}
	EndGlobalSection
EndGlobal
